
Microsoft Visual Studio Solution File, Format Version 12.00
# Visual Studio Version 17
VisualStudioVersion = 17.7.34031.279
MinimumVisualStudioVersion = 10.0.40219.1
Project("{9A19103F-16F7-4668-BE54-9A1E7A4F7556}") = "BlazingTrails.Client", "BlaizingTrails.Client\BlazingTrails.Client.csproj", "{B8913697-3FC1-4172-A6EF-2DA5461ED383}"
EndProject
Project("{9A19103F-16F7-4668-BE54-9A1E7A4F7556}") = "BlazingTrails.API", "BlazingTrails.API\BlazingTrails.API.csproj", "{6ED33F2A-A861-4367-92EA-3E08E651CD4C}"
EndProject
Project("{FAE04EC0-301F-11D3-BF4B-00C04F79EFBC}") = "BlazingTrails.Shared", "BlazingTrails.Shared\BlazingTrails.Shared.csproj", "{DF2F26EF-1A31-4159-BD53-A73195895380}"
EndProject
Global
	GlobalSection(SolutionConfigurationPlatforms) = preSolution
		Debug|Any CPU = Debug|Any CPU
		Release|Any CPU = Release|Any CPU
	EndGlobalSection
	GlobalSection(ProjectConfigurationPlatforms) = postSolution
		{B8913697-3FC1-4172-A6EF-2DA5461ED383}.Debug|Any CPU.ActiveCfg = Debug|Any CPU
		{B8913697-3FC1-4172-A6EF-2DA5461ED383}.Debug|Any CPU.Build.0 = Debug|Any CPU
		{B8913697-3FC1-4172-A6EF-2DA5461ED383}.Release|Any CPU.ActiveCfg = Release|Any CPU
		{B8913697-3FC1-4172-A6EF-2DA5461ED383}.Release|Any CPU.Build.0 = Release|Any CPU
		{6ED33F2A-A861-4367-92EA-3E08E651CD4C}.Debug|Any CPU.ActiveCfg = Debug|Any CPU
		{6ED33F2A-A861-4367-92EA-3E08E651CD4C}.Debug|Any CPU.Build.0 = Debug|Any CPU
		{6ED33F2A-A861-4367-92EA-3E08E651CD4C}.Release|Any CPU.ActiveCfg = Release|Any CPU
		{6ED33F2A-A861-4367-92EA-3E08E651CD4C}.Release|Any CPU.Build.0 = Release|Any CPU
		{DF2F26EF-1A31-4159-BD53-A73195895380}.Debug|Any CPU.ActiveCfg = Debug|Any CPU
		{DF2F26EF-1A31-4159-BD53-A73195895380}.Debug|Any CPU.Build.0 = Debug|Any CPU
		{DF2F26EF-1A31-4159-BD53-A73195895380}.Release|Any CPU.ActiveCfg = Release|Any CPU
		{DF2F26EF-1A31-4159-BD53-A73195895380}.Release|Any CPU.Build.0 = Release|Any CPU
	EndGlobalSection
	GlobalSection(SolutionProperties) = preSolution
		HideSolutionNode = FALSE
	EndGlobalSection
	GlobalSection(ExtensibilityGlobals) = postSolution
		SolutionGuid = {2F6C66CE-3F03-435D-96F7-536838A5E837}
	EndGlobalSection
EndGlobal
